
Microsoft Visual Studio Solution File, Format Version 12.00
# Visual Studio Version 16
VisualStudioVersion = 16.0.29306.81
MinimumVisualStudioVersion = 10.0.40219.1
Project("{FAE04EC0-301F-11D3-BF4B-00C04F79EFBC}") = "NewVideoStore", "NewVideoStore\NewVideoStore.csproj", "{82AEE6CE-CF77-4C6A-B724-A9794B11A4F2}"
EndProject
Global
	GlobalSection(SolutionConfigurationPlatforms) = preSolution
		Debug|Any CPU = Debug|Any CPU
		Release|Any CPU = Release|Any CPU
	EndGlobalSection
	GlobalSection(ProjectConfigurationPlatforms) = postSolution
		{82AEE6CE-CF77-4C6A-B724-A9794B11A4F2}.Debug|Any CPU.ActiveCfg = Debug|Any CPU
		{82AEE6CE-CF77-4C6A-B724-A9794B11A4F2}.Debug|Any CPU.Build.0 = Debug|Any CPU
		{82AEE6CE-CF77-4C6A-B724-A9794B11A4F2}.Release|Any CPU.ActiveCfg = Release|Any CPU
		{82AEE6CE-CF77-4C6A-B724-A9794B11A4F2}.Release|Any CPU.Build.0 = Release|Any CPU
	EndGlobalSection
	GlobalSection(SolutionProperties) = preSolution
		HideSolutionNode = FALSE
	EndGlobalSection
	GlobalSection(ExtensibilityGlobals) = postSolution
		SolutionGuid = {76C53581-488F-491F-9200-0C854FDD811A}
	EndGlobalSection
EndGlobal
